
Microsoft Visual Studio Solution File, Format Version 12.00
# Visual Studio 15
VisualStudioVersion = 15.0.28307.572
MinimumVisualStudioVersion = 10.0.40219.1
Project("{FAE04EC0-301F-11D3-BF4B-00C04F79EFBC}") = "kombinations", "kombinations\kombinations.csproj", "{75C3499F-D0EA-4CB2-A5B3-4CC83C81537C}"
EndProject
Project("{FAE04EC0-301F-11D3-BF4B-00C04F79EFBC}") = "po", "po\po.csproj", "{15268FCE-5439-4C0D-AD4E-BE34AEBE26D7}"
EndProject
Project("{FAE04EC0-301F-11D3-BF4B-00C04F79EFBC}") = "Techniques", "Techniques\Techniques.csproj", "{F6FE0764-4061-4DC6-888E-4DE8FB6531AB}"
EndProject
Global
	GlobalSection(SolutionConfigurationPlatforms) = preSolution
		Debug|Any CPU = Debug|Any CPU
		Release|Any CPU = Release|Any CPU
	EndGlobalSection
	GlobalSection(ProjectConfigurationPlatforms) = postSolution
		{75C3499F-D0EA-4CB2-A5B3-4CC83C81537C}.Debug|Any CPU.ActiveCfg = Debug|Any CPU
		{75C3499F-D0EA-4CB2-A5B3-4CC83C81537C}.Debug|Any CPU.Build.0 = Debug|Any CPU
		{75C3499F-D0EA-4CB2-A5B3-4CC83C81537C}.Release|Any CPU.ActiveCfg = Release|Any CPU
		{75C3499F-D0EA-4CB2-A5B3-4CC83C81537C}.Release|Any CPU.Build.0 = Release|Any CPU
		{15268FCE-5439-4C0D-AD4E-BE34AEBE26D7}.Debug|Any CPU.ActiveCfg = Debug|Any CPU
		{15268FCE-5439-4C0D-AD4E-BE34AEBE26D7}.Debug|Any CPU.Build.0 = Debug|Any CPU
		{15268FCE-5439-4C0D-AD4E-BE34AEBE26D7}.Release|Any CPU.ActiveCfg = Release|Any CPU
		{15268FCE-5439-4C0D-AD4E-BE34AEBE26D7}.Release|Any CPU.Build.0 = Release|Any CPU
		{F6FE0764-4061-4DC6-888E-4DE8FB6531AB}.Debug|Any CPU.ActiveCfg = Debug|Any CPU
		{F6FE0764-4061-4DC6-888E-4DE8FB6531AB}.Debug|Any CPU.Build.0 = Debug|Any CPU
		{F6FE0764-4061-4DC6-888E-4DE8FB6531AB}.Release|Any CPU.ActiveCfg = Release|Any CPU
		{F6FE0764-4061-4DC6-888E-4DE8FB6531AB}.Release|Any CPU.Build.0 = Release|Any CPU
	EndGlobalSection
	GlobalSection(SolutionProperties) = preSolution
		HideSolutionNode = FALSE
	EndGlobalSection
	GlobalSection(ExtensibilityGlobals) = postSolution
		SolutionGuid = {E222BA3C-E9B4-498C-A815-A465F60883C8}
	EndGlobalSection
EndGlobal
